
Microsoft Visual Studio Solution File, Format Version 11.00
# Visual Studio 2010
Project("{CC5FD16D-436D-48AD-A40C-5A424C6E3E79}") = "GitHubProject", "GitHubProject.ccproj", "{AECFBF62-B169-4758-A704-BB69A9CF281F}"
EndProject
Project("{FAE04EC0-301F-11D3-BF4B-00C04F79EFBC}") = "WebRole1", "WebRole1\WebRole1.csproj", "{F2001342-4C6D-42D3-A8C8-D7BF96258CA4}"
EndProject
Global
	GlobalSection(SolutionConfigurationPlatforms) = preSolution
		Debug|Any CPU = Debug|Any CPU
		Release|Any CPU = Release|Any CPU
	EndGlobalSection
	GlobalSection(ProjectConfigurationPlatforms) = postSolution
		{AECFBF62-B169-4758-A704-BB69A9CF281F}.Debug|Any CPU.ActiveCfg = Debug|Any CPU
		{AECFBF62-B169-4758-A704-BB69A9CF281F}.Debug|Any CPU.Build.0 = Debug|Any CPU
		{AECFBF62-B169-4758-A704-BB69A9CF281F}.Release|Any CPU.ActiveCfg = Release|Any CPU
		{AECFBF62-B169-4758-A704-BB69A9CF281F}.Release|Any CPU.Build.0 = Release|Any CPU
		{F2001342-4C6D-42D3-A8C8-D7BF96258CA4}.Debug|Any CPU.ActiveCfg = Debug|Any CPU
		{F2001342-4C6D-42D3-A8C8-D7BF96258CA4}.Debug|Any CPU.Build.0 = Debug|Any CPU
		{F2001342-4C6D-42D3-A8C8-D7BF96258CA4}.Release|Any CPU.ActiveCfg = Release|Any CPU
		{F2001342-4C6D-42D3-A8C8-D7BF96258CA4}.Release|Any CPU.Build.0 = Release|Any CPU
	EndGlobalSection
	GlobalSection(SolutionProperties) = preSolution
		HideSolutionNode = FALSE
	EndGlobalSection
EndGlobal
